PODS:
  - AFNetworking (3.2.1):
    - AFNetworking/NSURLSession (= 3.2.1)
    - AFNetworking/Reachability (= 3.2.1)
    - AFNetworking/Security (= 3.2.1)
    - AFNetworking/Serialization (= 3.2.1)
    - AFNetworking/UIKit (= 3.2.1)
  - AFNetworking/NSURLSession (3.2.1):
    - AFNetworking/Reachability
    - AFNetworking/Security
    - AFNetworking/Serialization
  - AFNetworking/Reachability (3.2.1)
  - AFNetworking/Security (3.2.1)
  - AFNetworking/Serialization (3.2.1)
  - AFNetworking/UIKit (3.2.1):
    - AFNetworking/NSURLSession
  - FMDB (2.7.5):
    - FMDB/standard (= 2.7.5)
  - FMDB/standard (2.7.5)
  - pop (1.0.12)
  - SDWebImage (5.6.1):
    - SDWebImage/Core (= 5.6.1)
  - SDWebImage/Core (5.6.1)
  - SVProgressHUD (2.2.5)
  - YYModel (1.0.4)

DEPENDENCIES:
  - AFNetworking
  - FMDB
  - pop
  - SDWebImage
  - SVProgressHUD
  - YYModel

SPEC REPOS:
  trunk:
    - AFNetworking
    - FMDB
    - pop
    - SDWebImage
    - SVProgressHUD
    - YYModel

SPEC CHECKSUMS:
  AFNetworking: b6f891fdfaed196b46c7a83cf209e09697b94057
  FMDB: 2ce00b547f966261cd18927a3ddb07cb6f3db82a
  pop: d582054913807fd11fd50bfe6a539d91c7e1a55a
  SDWebImage: 7edb9c3ea661e77a66661f7f044de8c1b55d1120
  SVProgressHUD: 1428aafac632c1f86f62aa4243ec12008d7a51d6
  YYModel: 2a7fdd96aaa4b86a824e26d0c517de8928c04b30

PODFILE CHECKSUM: 2587f7dbaf94f786ada94e9ca457cc91421b8ca0

COCOAPODS: 1.9.1
